
Microsoft Visual Studio Solution File, Format Version 12.00
# Visual Studio Version 16
VisualStudioVersion = 16.0.28729.10
MinimumVisualStudioVersion = 10.0.40219.1
Project("{6EC3EE1D-3C4E-46DD-8F32-0CC8E7565705}") = "Hop", "Hop\Hop.fsproj", "{616F4C3A-883F-448D-B99B-2F51D923EF82}"
EndProject
Project("{FAE04EC0-301F-11D3-BF4B-00C04F79EFBC}") = "Hop.App.Views", "Hop.App.Views\Hop.App.Views.csproj", "{0A5A3CB1-09A2-4889-BD11-24F44A74E2FE}"
EndProject
Project("{F2A71F9B-5D33-465A-A702-920D77279786}") = "Hop.App", "Hop.App\Hop.App.fsproj", "{44B115F3-B242-4642-AE88-F750A4597DA6}"
EndProject
Project("{FAE04EC0-301F-11D3-BF4B-00C04F79EFBC}") = "Hop.FileSystem.Thumbnail", "Hop.FileSystem.Thumbnail\Hop.FileSystem.Thumbnail.csproj", "{036295CA-BA14-4B55-B2E7-9131E9DF477E}"
EndProject
Project("{F2A71F9B-5D33-465A-A702-920D77279786}") = "Hop.FileSystem", "Hop.FileSystem\Hop.FileSystem.fsproj", "{0F2EBF76-F8CF-4BDB-A9D9-EFD11AD0D5EC}"
EndProject
Global
	GlobalSection(SolutionConfigurationPlatforms) = preSolution
		Debug|Any CPU = Debug|Any CPU
		Debug|x86 = Debug|x86
		Release|Any CPU = Release|Any CPU
		Release|x86 = Release|x86
	EndGlobalSection
	GlobalSection(ProjectConfigurationPlatforms) = postSolution
		{616F4C3A-883F-448D-B99B-2F51D923EF82}.Debug|Any CPU.ActiveCfg = Debug|Any CPU
		{616F4C3A-883F-448D-B99B-2F51D923EF82}.Debug|Any CPU.Build.0 = Debug|Any CPU
		{616F4C3A-883F-448D-B99B-2F51D923EF82}.Debug|x86.ActiveCfg = Debug|x86
		{616F4C3A-883F-448D-B99B-2F51D923EF82}.Debug|x86.Build.0 = Debug|x86
		{616F4C3A-883F-448D-B99B-2F51D923EF82}.Release|Any CPU.ActiveCfg = Release|Any CPU
		{616F4C3A-883F-448D-B99B-2F51D923EF82}.Release|Any CPU.Build.0 = Release|Any CPU
		{616F4C3A-883F-448D-B99B-2F51D923EF82}.Release|x86.ActiveCfg = Release|x86
		{616F4C3A-883F-448D-B99B-2F51D923EF82}.Release|x86.Build.0 = Release|x86
		{0A5A3CB1-09A2-4889-BD11-24F44A74E2FE}.Debug|Any CPU.ActiveCfg = Debug|Any CPU
		{0A5A3CB1-09A2-4889-BD11-24F44A74E2FE}.Debug|Any CPU.Build.0 = Debug|Any CPU
		{0A5A3CB1-09A2-4889-BD11-24F44A74E2FE}.Debug|x86.ActiveCfg = Debug|x86
		{0A5A3CB1-09A2-4889-BD11-24F44A74E2FE}.Debug|x86.Build.0 = Debug|x86
		{0A5A3CB1-09A2-4889-BD11-24F44A74E2FE}.Release|Any CPU.ActiveCfg = Release|Any CPU
		{0A5A3CB1-09A2-4889-BD11-24F44A74E2FE}.Release|Any CPU.Build.0 = Release|Any CPU
		{0A5A3CB1-09A2-4889-BD11-24F44A74E2FE}.Release|x86.ActiveCfg = Release|x86
		{0A5A3CB1-09A2-4889-BD11-24F44A74E2FE}.Release|x86.Build.0 = Release|x86
		{44B115F3-B242-4642-AE88-F750A4597DA6}.Debug|Any CPU.ActiveCfg = Debug|Any CPU
		{44B115F3-B242-4642-AE88-F750A4597DA6}.Debug|Any CPU.Build.0 = Debug|Any CPU
		{44B115F3-B242-4642-AE88-F750A4597DA6}.Debug|x86.ActiveCfg = Debug|x86
		{44B115F3-B242-4642-AE88-F750A4597DA6}.Debug|x86.Build.0 = Debug|x86
		{44B115F3-B242-4642-AE88-F750A4597DA6}.Release|Any CPU.ActiveCfg = Release|Any CPU
		{44B115F3-B242-4642-AE88-F750A4597DA6}.Release|Any CPU.Build.0 = Release|Any CPU
		{44B115F3-B242-4642-AE88-F750A4597DA6}.Release|x86.ActiveCfg = Release|x86
		{44B115F3-B242-4642-AE88-F750A4597DA6}.Release|x86.Build.0 = Release|x86
		{036295CA-BA14-4B55-B2E7-9131E9DF477E}.Debug|Any CPU.ActiveCfg = Debug|Any CPU
		{036295CA-BA14-4B55-B2E7-9131E9DF477E}.Debug|Any CPU.Build.0 = Debug|Any CPU
		{036295CA-BA14-4B55-B2E7-9131E9DF477E}.Debug|x86.ActiveCfg = Debug|Any CPU
		{036295CA-BA14-4B55-B2E7-9131E9DF477E}.Debug|x86.Build.0 = Debug|Any CPU
		{036295CA-BA14-4B55-B2E7-9131E9DF477E}.Release|Any CPU.ActiveCfg = Release|Any CPU
		{036295CA-BA14-4B55-B2E7-9131E9DF477E}.Release|Any CPU.Build.0 = Release|Any CPU
		{036295CA-BA14-4B55-B2E7-9131E9DF477E}.Release|x86.ActiveCfg = Release|Any CPU
		{036295CA-BA14-4B55-B2E7-9131E9DF477E}.Release|x86.Build.0 = Release|Any CPU
		{0F2EBF76-F8CF-4BDB-A9D9-EFD11AD0D5EC}.Debug|Any CPU.ActiveCfg = Debug|Any CPU
		{0F2EBF76-F8CF-4BDB-A9D9-EFD11AD0D5EC}.Debug|Any CPU.Build.0 = Debug|Any CPU
		{0F2EBF76-F8CF-4BDB-A9D9-EFD11AD0D5EC}.Debug|x86.ActiveCfg = Debug|Any CPU
		{0F2EBF76-F8CF-4BDB-A9D9-EFD11AD0D5EC}.Debug|x86.Build.0 = Debug|Any CPU
		{0F2EBF76-F8CF-4BDB-A9D9-EFD11AD0D5EC}.Release|Any CPU.ActiveCfg = Release|Any CPU
		{0F2EBF76-F8CF-4BDB-A9D9-EFD11AD0D5EC}.Release|Any CPU.Build.0 = Release|Any CPU
		{0F2EBF76-F8CF-4BDB-A9D9-EFD11AD0D5EC}.Release|x86.ActiveCfg = Release|Any CPU
		{0F2EBF76-F8CF-4BDB-A9D9-EFD11AD0D5EC}.Release|x86.Build.0 = Release|Any CPU
	EndGlobalSection
	GlobalSection(SolutionProperties) = preSolution
		HideSolutionNode = FALSE
	EndGlobalSection
	GlobalSection(ExtensibilityGlobals) = postSolution
		SolutionGuid = {5CFE6CF0-33EF-4570-AED0-F9C015EEA187}
	EndGlobalSection
EndGlobal
